
Microsoft Visual Studio Solution File, Format Version 12.00
# Visual Studio Version 16
VisualStudioVersion = 16.0.31402.337
MinimumVisualStudioVersion = 10.0.40219.1
Project("{FAE04EC0-301F-11D3-BF4B-00C04F79EFBC}") = "Opp2OrderMessages2", "Opp2OrderMessages2\Opp2OrderMessages2.csproj", "{083E0B28-0E9E-461D-9854-97D3C6E7DD48}"
EndProject
Global
	GlobalSection(SolutionConfigurationPlatforms) = preSolution
		Debug|Any CPU = Debug|Any CPU
		Release|Any CPU = Release|Any CPU
	EndGlobalSection
	GlobalSection(ProjectConfigurationPlatforms) = postSolution
		{083E0B28-0E9E-461D-9854-97D3C6E7DD48}.Debug|Any CPU.ActiveCfg = Debug|Any CPU
		{083E0B28-0E9E-461D-9854-97D3C6E7DD48}.Debug|Any CPU.Build.0 = Debug|Any CPU
		{083E0B28-0E9E-461D-9854-97D3C6E7DD48}.Release|Any CPU.ActiveCfg = Release|Any CPU
		{083E0B28-0E9E-461D-9854-97D3C6E7DD48}.Release|Any CPU.Build.0 = Release|Any CPU
	EndGlobalSection
	GlobalSection(SolutionProperties) = preSolution
		HideSolutionNode = FALSE
	EndGlobalSection
	GlobalSection(ExtensibilityGlobals) = postSolution
		SolutionGuid = {62B2241C-7497-4C2E-9C8F-09498C7D4031}
	EndGlobalSection
EndGlobal
